
Microsoft Visual Studio Solution File, Format Version 12.00
# Visual Studio Version 17
VisualStudioVersion = 17.14.36203.30 d17.14
MinimumVisualStudioVersion = 10.0.40219.1
Project("{FAE04EC0-301F-11D3-BF4B-00C04F79EFBC}") = "zd4_Zykova_Sofya.Android", "zd4_Zykova_Sofya\zd4_Zykova_Sofya.Android\zd4_Zykova_Sofya.Android.csproj", "{BF1D760F-B83C-4970-B863-C1BC764A39DB}"
EndProject
Project("{FAE04EC0-301F-11D3-BF4B-00C04F79EFBC}") = "zd4_Zykova_Sofya", "zd4_Zykova_Sofya\zd4_Zykova_Sofya\zd4_Zykova_Sofya.csproj", "{DBEDB37C-6657-4AE8-A8D0-52922C0AB7B0}"
EndProject
Global
	GlobalSection(SolutionConfigurationPlatforms) = preSolution
		Debug|Any CPU = Debug|Any CPU
		Release|Any CPU = Release|Any CPU
	EndGlobalSection
	GlobalSection(ProjectConfigurationPlatforms) = postSolution
		{BF1D760F-B83C-4970-B863-C1BC764A39DB}.Debug|Any CPU.ActiveCfg = Debug|Any CPU
		{BF1D760F-B83C-4970-B863-C1BC764A39DB}.Debug|Any CPU.Build.0 = Debug|Any CPU
		{BF1D760F-B83C-4970-B863-C1BC764A39DB}.Debug|Any CPU.Deploy.0 = Debug|Any CPU
		{BF1D760F-B83C-4970-B863-C1BC764A39DB}.Release|Any CPU.ActiveCfg = Release|Any CPU
		{BF1D760F-B83C-4970-B863-C1BC764A39DB}.Release|Any CPU.Build.0 = Release|Any CPU
		{BF1D760F-B83C-4970-B863-C1BC764A39DB}.Release|Any CPU.Deploy.0 = Release|Any CPU
		{DBEDB37C-6657-4AE8-A8D0-52922C0AB7B0}.Debug|Any CPU.ActiveCfg = Debug|Any CPU
		{DBEDB37C-6657-4AE8-A8D0-52922C0AB7B0}.Debug|Any CPU.Build.0 = Debug|Any CPU
		{DBEDB37C-6657-4AE8-A8D0-52922C0AB7B0}.Debug|Any CPU.Deploy.0 = Debug|Any CPU
		{DBEDB37C-6657-4AE8-A8D0-52922C0AB7B0}.Release|Any CPU.ActiveCfg = Release|Any CPU
		{DBEDB37C-6657-4AE8-A8D0-52922C0AB7B0}.Release|Any CPU.Build.0 = Release|Any CPU
		{DBEDB37C-6657-4AE8-A8D0-52922C0AB7B0}.Release|Any CPU.Deploy.0 = Release|Any CPU
	EndGlobalSection
	GlobalSection(SolutionProperties) = preSolution
		HideSolutionNode = FALSE
	EndGlobalSection
	GlobalSection(ExtensibilityGlobals) = postSolution
		SolutionGuid = {5524724A-A8EE-49F1-80C8-1F2C32A01FD5}
	EndGlobalSection
EndGlobal
